
Microsoft Visual Studio Solution File, Format Version 12.00
# Visual Studio Version 16
VisualStudioVersion = 25.0.1704.1
MinimumVisualStudioVersion = 10.0.40219.1
Project("{FAE04EC0-301F-11D3-BF4B-00C04F79EFBC}") = "DesignPatterns", "DesignPatterns\DesignPatterns.csproj", "{DDAFD4A4-A154-4E82-99DD-63F65709DC83}"
EndProject
Global
	GlobalSection(SolutionConfigurationPlatforms) = preSolution
		Debug|Any CPU = Debug|Any CPU
		Release|Any CPU = Release|Any CPU
	EndGlobalSection
	GlobalSection(ProjectConfigurationPlatforms) = postSolution
		{DDAFD4A4-A154-4E82-99DD-63F65709DC83}.Debug|Any CPU.ActiveCfg = Debug|Any CPU
		{DDAFD4A4-A154-4E82-99DD-63F65709DC83}.Debug|Any CPU.Build.0 = Debug|Any CPU
		{DDAFD4A4-A154-4E82-99DD-63F65709DC83}.Release|Any CPU.ActiveCfg = Release|Any CPU
		{DDAFD4A4-A154-4E82-99DD-63F65709DC83}.Release|Any CPU.Build.0 = Release|Any CPU
	EndGlobalSection
	GlobalSection(SolutionProperties) = preSolution
		HideSolutionNode = FALSE
	EndGlobalSection
	GlobalSection(ExtensibilityGlobals) = postSolution
		SolutionGuid = {128E0E2B-3290-4D19-8704-397F5BF76427}
	EndGlobalSection
EndGlobal
